
Microsoft Visual Studio Solution File, Format Version 12.00
# Visual Studio Version 17
VisualStudioVersion = 17.11.35222.181
MinimumVisualStudioVersion = 10.0.40219.1
Project("{FAE04EC0-301F-11D3-BF4B-00C04F79EFBC}") = "Morality 2.0", "Morality 2.0\Morality 2.0.csproj", "{607B9F22-16D9-49EA-AC1F-2096649902F2}"
EndProject
Global
	GlobalSection(SolutionConfigurationPlatforms) = preSolution
		Debug|Any CPU = Debug|Any CPU
		Release|Any CPU = Release|Any CPU
	EndGlobalSection
	GlobalSection(ProjectConfigurationPlatforms) = postSolution
		{607B9F22-16D9-49EA-AC1F-2096649902F2}.Debug|Any CPU.ActiveCfg = Debug|Any CPU
		{607B9F22-16D9-49EA-AC1F-2096649902F2}.Debug|Any CPU.Build.0 = Debug|Any CPU
		{607B9F22-16D9-49EA-AC1F-2096649902F2}.Release|Any CPU.ActiveCfg = Release|Any CPU
		{607B9F22-16D9-49EA-AC1F-2096649902F2}.Release|Any CPU.Build.0 = Release|Any CPU
	EndGlobalSection
	GlobalSection(SolutionProperties) = preSolution
		HideSolutionNode = FALSE
	EndGlobalSection
	GlobalSection(ExtensibilityGlobals) = postSolution
		SolutionGuid = {73F6685F-C498-410E-9ECD-9E87F0ACBC8C}
	EndGlobalSection
EndGlobal
